// !$*UTF8*$!
{
	archiveVersion = 1;
	classes = {
	};
	objectVersion = 42;
	objects = {

/* Begin PBXBuildFile section */
		85C9FAE708561BD0008C7F0E /* iScroll2Daemon.c in Sources */ = {isa = PBXBuildFile; fileRef = 08FB7796FE84155DC02AAC07 /* iScroll2Daemon.c */; settings = {ATTRIBUTES = (); }; };
		85C9FAE908561BD0008C7F0E /* SystemConfiguration.framework in Frameworks */ = {isa = PBXBuildFile; fileRef = F57A1503024A605901FF61AD /* SystemConfiguration.framework */; };
		85C9FAEA08561BD0008C7F0E /* CoreFoundation.framework in Frameworks */ = {isa = PBXBuildFile; fileRef = F57A1506024A618501FF61AD /* CoreFoundation.framework */; };
		85C9FAEB08561BD0008C7F0E /* IOKit.framework in Frameworks */ = {isa = PBXBuildFile; fileRef = 85C9C05607E4BEA8001CEF1A /* IOKit.framework */; };
/* End PBXBuildFile section */

/* Begin PBXFileReference section */
		08FB7796FE84155DC02AAC07 /* iScroll2Daemon.c */ = {isa = PBXFileReference; lastKnownFileType = sourcecode.c.c; path = iScroll2Daemon.c; sourceTree = "<group>"; };
		85C9C05607E4BEA8001CEF1A /* IOKit.framework */ = {isa = PBXFileReference; lastKnownFileType = wrapper.framework; name = IOKit.framework; path = /System/Library/Frameworks/IOKit.framework; sourceTree = "<absolute>"; };
		85C9FAF108561BD0008C7F0E /* iScroll2Daemon */ = {isa = PBXFileReference; includeInIndex = 0; lastKnownFileType = "compiled.mach-o.executable"; path = iScroll2Daemon; sourceTree = BUILT_PRODUCTS_DIR; };
		85D2D4A00CE2982200A3ACB6 /* name.razzfazz.daemon.iScroll2.plist */ = {isa = PBXFileReference; fileEncoding = 30; lastKnownFileType = text.xml; path = name.razzfazz.daemon.iScroll2.plist; sourceTree = "<group>"; };
		F57A1503024A605901FF61AD /* SystemConfiguration.framework */ = {isa = PBXFileReference; lastKnownFileType = wrapper.framework; name = SystemConfiguration.framework; path = /System/Library/Frameworks/SystemConfiguration.framework; sourceTree = "<absolute>"; };
		F57A1506024A618501FF61AD /* CoreFoundation.framework */ = {isa = PBXFileReference; lastKnownFileType = wrapper.framework; name = CoreFoundation.framework; path = /System/Library/Frameworks/CoreFoundation.framework; sourceTree = "<absolute>"; };
/* End PBXFileReference section */

/* Begin PBXFrameworksBuildPhase section */
		85C9FAE808561BD0008C7F0E /* Frameworks */ = {
			isa = PBXFrameworksBuildPhase;
			buildActionMask = 2147483647;
			files = (
				85C9FAE908561BD0008C7F0E /* SystemConfiguration.framework in Frameworks */,
				85C9FAEA08561BD0008C7F0E /* CoreFoundation.framework in Frameworks */,
				85C9FAEB08561BD0008C7F0E /* IOKit.framework in Frameworks */,
			);
			runOnlyForDeploymentPostprocessing = 0;
		};
/* End PBXFrameworksBuildPhase section */

/* Begin PBXGroup section */
		08FB7794FE84155DC02AAC07 /* LoginLogoutNotification */ = {
			isa = PBXGroup;
			children = (
				08FB7795FE84155DC02AAC07 /* Source */,
				1AB674ADFE9D54B511CA2CBB /* Products */,
				F57A1508024A61C601FF61AD /* Frameworks */,
			);
			name = LoginLogoutNotification;
			sourceTree = "<group>";
		};
		08FB7795FE84155DC02AAC07 /* Source */ = {
			isa = PBXGroup;
			children = (
				85D2D4A00CE2982200A3ACB6 /* name.razzfazz.daemon.iScroll2.plist */,
				08FB7796FE84155DC02AAC07 /* iScroll2Daemon.c */,
			);
			name = Source;
			sourceTree = "<group>";
		};
		1AB674ADFE9D54B511CA2CBB /* Products */ = {
			isa = PBXGroup;
			children = (
				85C9FAF108561BD0008C7F0E /* iScroll2Daemon */,
			);
			name = Products;
			sourceTree = "<group>";
		};
		F57A1508024A61C601FF61AD /* Frameworks */ = {
			isa = PBXGroup;
			children = (
				85C9C05607E4BEA8001CEF1A /* IOKit.framework */,
				F57A1506024A618501FF61AD /* CoreFoundation.framework */,
				F57A1503024A605901FF61AD /* SystemConfiguration.framework */,
			);
			name = Frameworks;
			sourceTree = "<group>";
		};
/* End PBXGroup section */

/* Begin PBXHeadersBuildPhase section */
		85C9FAE508561BD0008C7F0E /* Headers */ = {
			isa = PBXHeadersBuildPhase;
			buildActionMask = 2147483647;
			files = (
			);
			runOnlyForDeploymentPostprocessing = 0;
		};
/* End PBXHeadersBuildPhase section */

/* Begin PBXNativeTarget section */
		85C9FAE408561BD0008C7F0E /* iScroll2Daemon */ = {
			isa = PBXNativeTarget;
			buildConfigurationList = 85C9FAED08561BD0008C7F0E /* Build configuration list for PBXNativeTarget "iScroll2Daemon" */;
			buildPhases = (
				85C9FAE508561BD0008C7F0E /* Headers */,
				85C9FAE608561BD0008C7F0E /* Sources */,
				85C9FAE808561BD0008C7F0E /* Frameworks */,
				85C9FAEC08561BD0008C7F0E /* Rez */,
			);
			buildRules = (
			);
			dependencies = (
			);
			name = iScroll2Daemon;
			productInstallPath = "$(HOME)/bin";
			productName = LoginLogoutNotification;
			productReference = 85C9FAF108561BD0008C7F0E /* iScroll2Daemon */;
			productType = "com.apple.product-type.tool";
		};
/* End PBXNativeTarget section */

/* Begin PBXProject section */
		08FB7793FE84155DC02AAC07 /* Project object */ = {
			isa = PBXProject;
			buildConfigurationList = 85C9FAAD08561B82008C7F0E /* Build configuration list for PBXProject "iScroll2Daemon" */;
			hasScannedForEncodings = 0;
			mainGroup = 08FB7794FE84155DC02AAC07 /* LoginLogoutNotification */;
			projectDirPath = "";
			targets = (
				85C9FAE408561BD0008C7F0E /* iScroll2Daemon */,
			);
		};
/* End PBXProject section */

/* Begin PBXRezBuildPhase section */
		85C9FAEC08561BD0008C7F0E /* Rez */ = {
			isa = PBXRezBuildPhase;
			buildActionMask = 2147483647;
			files = (
			);
			runOnlyForDeploymentPostprocessing = 0;
		};
/* End PBXRezBuildPhase section */

/* Begin PBXSourcesBuildPhase section */
		85C9FAE608561BD0008C7F0E /* Sources */ = {
			isa = PBXSourcesBuildPhase;
			buildActionMask = 2147483647;
			files = (
				85C9FAE708561BD0008C7F0E /* iScroll2Daemon.c in Sources */,
			);
			runOnlyForDeploymentPostprocessing = 0;
		};
/* End PBXSourcesBuildPhase section */

/* Begin XCBuildConfiguration section */
		85C9FAAE08561B82008C7F0E /* Development */ = {
			isa = XCBuildConfiguration;
			buildSettings = {
				MACOSX_DEPLOYMENT_TARGET = 10.3;
				SDKROOT = /Developer/SDKs/MacOSX10.3.9.sdk;
			};
			name = Development;
		};
		85C9FAAF08561B82008C7F0E /* Deployment */ = {
			isa = XCBuildConfiguration;
			buildSettings = {
				MACOSX_DEPLOYMENT_TARGET = 10.3;
				SDKROOT = /Developer/SDKs/MacOSX10.3.9.sdk;
			};
			name = Deployment;
		};
		85C9FAB008561B82008C7F0E /* Default */ = {
			isa = XCBuildConfiguration;
			buildSettings = {
				MACOSX_DEPLOYMENT_TARGET = 10.3;
				SDKROOT = /Developer/SDKs/MacOSX10.3.9.sdk;
			};
			name = Default;
		};
		85C9FAEE08561BD0008C7F0E /* Development */ = {
			isa = XCBuildConfiguration;
			buildSettings = {
				COPY_PHASE_STRIP = NO;
				FRAMEWORK_SEARCH_PATHS = "";
				GCC_DYNAMIC_NO_PIC = NO;
				GCC_ENABLE_FIX_AND_CONTINUE = YES;
				GCC_GENERATE_DEBUGGING_SYMBOLS = YES;
				GCC_OPTIMIZATION_LEVEL = 0;
				HEADER_SEARCH_PATHS = "";
				INSTALL_PATH = "$(HOME)/bin";
				LIBRARY_SEARCH_PATHS = "";
				OPTIMIZATION_CFLAGS = "-O0";
				OTHER_CFLAGS = "";
				OTHER_LDFLAGS = "";
				OTHER_REZFLAGS = "";
				PRODUCT_NAME = iScroll2Daemon;
				REZ_EXECUTABLE = YES;
				SECTORDER_FLAGS = "";
				WARNING_CFLAGS = (
					"-Wmost",
					"-Wno-four-char-constants",
					"-Wno-unknown-pragmas",
				);
				ZERO_LINK = NO;
			};
			name = Development;
		};
		85C9FAEF08561BD0008C7F0E /* Deployment */ = {
			isa = XCBuildConfiguration;
			buildSettings = {
				COPY_PHASE_STRIP = YES;
				FRAMEWORK_SEARCH_PATHS = "";
				GCC_ENABLE_FIX_AND_CONTINUE = NO;
				HEADER_SEARCH_PATHS = "";
				INSTALL_PATH = "$(HOME)/bin";
				LIBRARY_SEARCH_PATHS = "";
				OTHER_CFLAGS = "";
				OTHER_LDFLAGS = "";
				OTHER_REZFLAGS = "";
				PRODUCT_NAME = iScroll2Daemon;
				REZ_EXECUTABLE = YES;
				SECTORDER_FLAGS = "";
				WARNING_CFLAGS = (
					"-Wmost",
					"-Wno-four-char-constants",
					"-Wno-unknown-pragmas",
				);
				ZERO_LINK = NO;
			};
			name = Deployment;
		};
		85C9FAF008561BD0008C7F0E /* Default */ = {
			isa = XCBuildConfiguration;
			buildSettings = {
				FRAMEWORK_SEARCH_PATHS = "";
				HEADER_SEARCH_PATHS = "";
				INSTALL_PATH = "$(HOME)/bin";
				LIBRARY_SEARCH_PATHS = "";
				OTHER_CFLAGS = "";
				OTHER_LDFLAGS = "";
				OTHER_REZFLAGS = "";
				PRODUCT_NAME = iScroll2Daemon;
				REZ_EXECUTABLE = YES;
				SECTORDER_FLAGS = "";
				WARNING_CFLAGS = (
					"-Wmost",
					"-Wno-four-char-constants",
					"-Wno-unknown-pragmas",
				);
				ZERO_LINK = NO;
			};
			name = Default;
		};
/* End XCBuildConfiguration section */

/* Begin XCConfigurationList section */
		85C9FAAD08561B82008C7F0E /* Build configuration list for PBXProject "iScroll2Daemon" */ = {
			isa = XCConfigurationList;
			buildConfigurations = (
				85C9FAAE08561B82008C7F0E /* Development */,
				85C9FAAF08561B82008C7F0E /* Deployment */,
				85C9FAB008561B82008C7F0E /* Default */,
			);
			defaultConfigurationIsVisible = 0;
			defaultConfigurationName = Default;
		};
		85C9FAED08561BD0008C7F0E /* Build configuration list for PBXNativeTarget "iScroll2Daemon" */ = {
			isa = XCConfigurationList;
			buildConfigurations = (
				85C9FAEE08561BD0008C7F0E /* Development */,
				85C9FAEF08561BD0008C7F0E /* Deployment */,
				85C9FAF008561BD0008C7F0E /* Default */,
			);
			defaultConfigurationIsVisible = 0;
			defaultConfigurationName = Default;
		};
/* End XCConfigurationList section */
	};
	rootObject = 08FB7793FE84155DC02AAC07 /* Project object */;
}
